
Microsoft Visual Studio Solution File, Format Version 12.00
# Visual Studio Version 17
VisualStudioVersion = 17.8.34330.188
MinimumVisualStudioVersion = 10.0.40219.1
Project("{9A19103F-16F7-4668-BE54-9A1E7A4F7556}") = "Chat.Web", "Chat.Web\Chat.Web\Chat.Web.csproj", "{B7713C8C-554F-49C0-AC26-D4778C282EEE}"
EndProject
Project("{9A19103F-16F7-4668-BE54-9A1E7A4F7556}") = "Chat.Web.Client", "Chat.Web\Chat.Web.Client\Chat.Web.Client.csproj", "{561AE141-68AC-4347-B6FC-7DBB52F1DBE6}"
EndProject
Project("{9A19103F-16F7-4668-BE54-9A1E7A4F7556}") = "Chat.UnitTests", "Chat.UnitTests\Chat.UnitTests.csproj", "{E3A0B84B-2534-4E0F-A76F-C0A1A11AFA31}"
EndProject
Project("{9A19103F-16F7-4668-BE54-9A1E7A4F7556}") = "Chat.Data", "Chat.Data\Chat.Data.csproj", "{4CE19286-2894-495B-A91E-EE9825845AA2}"
EndProject
Project("{9A19103F-16F7-4668-BE54-9A1E7A4F7556}") = "Chat.IntegrationTests", "Chat.IntegrationTests\Chat.IntegrationTests.csproj", "{DA3F88DF-D055-4CB8-A408-F2BA2163FA78}"
EndProject
Project("{9A19103F-16F7-4668-BE54-9A1E7A4F7556}") = "Chat.Observability", "Chat.Observability\Chat.Observability.csproj", "{20750A66-03CC-4A25-A5C9-10741407CEED}"
EndProject
Project("{FAE04EC0-301F-11D3-BF4B-00C04F79EFBC}") = "Chat.ImageProcessing", "Chat.ImageProcessing\Chat.ImageProcessing.csproj", "{ECF32DE5-637F-4E0D-B4C6-0562DEBDEACA}"
EndProject
Project("{FAE04EC0-301F-11D3-BF4B-00C04F79EFBC}") = "Chat.ImageRedundancy", "Chat.ImageRedundancy\Chat.ImageRedundancy.csproj", "{1C6C094B-C069-4379-BED9-A135B979FE10}"
EndProject
Global
	GlobalSection(SolutionConfigurationPlatforms) = preSolution
		Debug|Any CPU = Debug|Any CPU
		Release|Any CPU = Release|Any CPU
	EndGlobalSection
	GlobalSection(ProjectConfigurationPlatforms) = postSolution
		{B7713C8C-554F-49C0-AC26-D4778C282EEE}.Debug|Any CPU.ActiveCfg = Debug|Any CPU
		{B7713C8C-554F-49C0-AC26-D4778C282EEE}.Debug|Any CPU.Build.0 = Debug|Any CPU
		{B7713C8C-554F-49C0-AC26-D4778C282EEE}.Release|Any CPU.ActiveCfg = Release|Any CPU
		{B7713C8C-554F-49C0-AC26-D4778C282EEE}.Release|Any CPU.Build.0 = Release|Any CPU
		{561AE141-68AC-4347-B6FC-7DBB52F1DBE6}.Debug|Any CPU.ActiveCfg = Debug|Any CPU
		{561AE141-68AC-4347-B6FC-7DBB52F1DBE6}.Debug|Any CPU.Build.0 = Debug|Any CPU
		{561AE141-68AC-4347-B6FC-7DBB52F1DBE6}.Release|Any CPU.ActiveCfg = Release|Any CPU
		{561AE141-68AC-4347-B6FC-7DBB52F1DBE6}.Release|Any CPU.Build.0 = Release|Any CPU
		{E3A0B84B-2534-4E0F-A76F-C0A1A11AFA31}.Debug|Any CPU.ActiveCfg = Debug|Any CPU
		{E3A0B84B-2534-4E0F-A76F-C0A1A11AFA31}.Debug|Any CPU.Build.0 = Debug|Any CPU
		{E3A0B84B-2534-4E0F-A76F-C0A1A11AFA31}.Release|Any CPU.ActiveCfg = Release|Any CPU
		{E3A0B84B-2534-4E0F-A76F-C0A1A11AFA31}.Release|Any CPU.Build.0 = Release|Any CPU
		{4CE19286-2894-495B-A91E-EE9825845AA2}.Debug|Any CPU.ActiveCfg = Debug|Any CPU
		{4CE19286-2894-495B-A91E-EE9825845AA2}.Debug|Any CPU.Build.0 = Debug|Any CPU
		{4CE19286-2894-495B-A91E-EE9825845AA2}.Release|Any CPU.ActiveCfg = Release|Any CPU
		{4CE19286-2894-495B-A91E-EE9825845AA2}.Release|Any CPU.Build.0 = Release|Any CPU
		{DA3F88DF-D055-4CB8-A408-F2BA2163FA78}.Debug|Any CPU.ActiveCfg = Debug|Any CPU
		{DA3F88DF-D055-4CB8-A408-F2BA2163FA78}.Debug|Any CPU.Build.0 = Debug|Any CPU
		{DA3F88DF-D055-4CB8-A408-F2BA2163FA78}.Release|Any CPU.ActiveCfg = Release|Any CPU
		{DA3F88DF-D055-4CB8-A408-F2BA2163FA78}.Release|Any CPU.Build.0 = Release|Any CPU
		{20750A66-03CC-4A25-A5C9-10741407CEED}.Debug|Any CPU.ActiveCfg = Debug|Any CPU
		{20750A66-03CC-4A25-A5C9-10741407CEED}.Debug|Any CPU.Build.0 = Debug|Any CPU
		{20750A66-03CC-4A25-A5C9-10741407CEED}.Release|Any CPU.ActiveCfg = Release|Any CPU
		{20750A66-03CC-4A25-A5C9-10741407CEED}.Release|Any CPU.Build.0 = Release|Any CPU
		{ECF32DE5-637F-4E0D-B4C6-0562DEBDEACA}.Debug|Any CPU.ActiveCfg = Debug|Any CPU
		{ECF32DE5-637F-4E0D-B4C6-0562DEBDEACA}.Debug|Any CPU.Build.0 = Debug|Any CPU
		{ECF32DE5-637F-4E0D-B4C6-0562DEBDEACA}.Release|Any CPU.ActiveCfg = Release|Any CPU
		{ECF32DE5-637F-4E0D-B4C6-0562DEBDEACA}.Release|Any CPU.Build.0 = Release|Any CPU
		{1C6C094B-C069-4379-BED9-A135B979FE10}.Debug|Any CPU.ActiveCfg = Debug|Any CPU
		{1C6C094B-C069-4379-BED9-A135B979FE10}.Debug|Any CPU.Build.0 = Debug|Any CPU
		{1C6C094B-C069-4379-BED9-A135B979FE10}.Release|Any CPU.ActiveCfg = Release|Any CPU
		{1C6C094B-C069-4379-BED9-A135B979FE10}.Release|Any CPU.Build.0 = Release|Any CPU
	EndGlobalSection
	GlobalSection(SolutionProperties) = preSolution
		HideSolutionNode = FALSE
	EndGlobalSection
	GlobalSection(ExtensibilityGlobals) = postSolution
		SolutionGuid = {FCB69ADA-3F46-48E3-B02D-D08A737D2367}
	EndGlobalSection
EndGlobal
